
Microsoft Visual Studio Solution File, Format Version 12.00
# Visual Studio 15
VisualStudioVersion = 15.0.28307.572
MinimumVisualStudioVersion = 10.0.40219.1
Project("{8BC9CEB8-8B4A-11D0-8D11-00A0C91BC942}") = "14_CheckerBoard", "14_CheckerBoard.vcxproj", "{E5711A5C-1089-4E8C-A3D6-91A4B8E377F9}"
EndProject
Global
	GlobalSection(SolutionConfigurationPlatforms) = preSolution
		Debug|x64 = Debug|x64
		Debug|x86 = Debug|x86
		Release|x64 = Release|x64
		Release|x86 = Release|x86
	EndGlobalSection
	GlobalSection(ProjectConfigurationPlatforms) = postSolution
		{E5711A5C-1089-4E8C-A3D6-91A4B8E377F9}.Debug|x64.ActiveCfg = Debug|x64
		{E5711A5C-1089-4E8C-A3D6-91A4B8E377F9}.Debug|x64.Build.0 = Debug|x64
		{E5711A5C-1089-4E8C-A3D6-91A4B8E377F9}.Debug|x86.ActiveCfg = Debug|Win32
		{E5711A5C-1089-4E8C-A3D6-91A4B8E377F9}.Debug|x86.Build.0 = Debug|Win32
		{E5711A5C-1089-4E8C-A3D6-91A4B8E377F9}.Release|x64.ActiveCfg = Release|x64
		{E5711A5C-1089-4E8C-A3D6-91A4B8E377F9}.Release|x64.Build.0 = Release|x64
		{E5711A5C-1089-4E8C-A3D6-91A4B8E377F9}.Release|x86.ActiveCfg = Release|Win32
		{E5711A5C-1089-4E8C-A3D6-91A4B8E377F9}.Release|x86.Build.0 = Release|Win32
	EndGlobalSection
	GlobalSection(SolutionProperties) = preSolution
		HideSolutionNode = FALSE
	EndGlobalSection
	GlobalSection(ExtensibilityGlobals) = postSolution
		SolutionGuid = {8A915460-6028-416D-98A6-D64E1C1D6428}
	EndGlobalSection
EndGlobal
