
Microsoft Visual Studio Solution File, Format Version 12.00
# Visual Studio 15
VisualStudioVersion = 15.0.28307.572
MinimumVisualStudioVersion = 10.0.40219.1
Project("{8BC9CEB8-8B4A-11D0-8D11-00A0C91BC942}") = "16_PPDeathlyHallows", "16_PPDeathlyHallows.vcxproj", "{64D4E2BE-E792-4992-B642-97DCF2649ECC}"
EndProject
Global
	GlobalSection(SolutionConfigurationPlatforms) = preSolution
		Debug|x64 = Debug|x64
		Debug|x86 = Debug|x86
		Release|x64 = Release|x64
		Release|x86 = Release|x86
	EndGlobalSection
	GlobalSection(ProjectConfigurationPlatforms) = postSolution
		{64D4E2BE-E792-4992-B642-97DCF2649ECC}.Debug|x64.ActiveCfg = Debug|x64
		{64D4E2BE-E792-4992-B642-97DCF2649ECC}.Debug|x64.Build.0 = Debug|x64
		{64D4E2BE-E792-4992-B642-97DCF2649ECC}.Debug|x86.ActiveCfg = Debug|Win32
		{64D4E2BE-E792-4992-B642-97DCF2649ECC}.Debug|x86.Build.0 = Debug|Win32
		{64D4E2BE-E792-4992-B642-97DCF2649ECC}.Release|x64.ActiveCfg = Release|x64
		{64D4E2BE-E792-4992-B642-97DCF2649ECC}.Release|x64.Build.0 = Release|x64
		{64D4E2BE-E792-4992-B642-97DCF2649ECC}.Release|x86.ActiveCfg = Release|Win32
		{64D4E2BE-E792-4992-B642-97DCF2649ECC}.Release|x86.Build.0 = Release|Win32
	EndGlobalSection
	GlobalSection(SolutionProperties) = preSolution
		HideSolutionNode = FALSE
	EndGlobalSection
	GlobalSection(ExtensibilityGlobals) = postSolution
		SolutionGuid = {F5EA597D-2FB0-4465-BC6C-6C763B3A205C}
	EndGlobalSection
EndGlobal
